<Solution>
  <Folder Name="/src/">
    <Project Path="src/Socialgram.Application/Socialgram.Application.csproj" Id="b9f71c52-8457-4bc0-85c0-f60ce5e734ca" />
    <Project Path="src/Socialgram.Domain/Socialgram.Domain.csproj" />
    <Project Path="src/Socialgram.Infrastructure/Socialgram.Infrastructure.csproj" Id="6d4c4295-ac23-405b-b983-c2cad5ba6879" />
  </Folder>
  <Project Path="Socialgram/Socialgram.csproj" />
</Solution>
